
Microsoft Visual Studio Solution File, Format Version 12.00
# Visual Studio Version 17
VisualStudioVersion = 17.11.35312.102
MinimumVisualStudioVersion = 10.0.40219.1
Project("{FAE04EC0-301F-11D3-BF4B-00C04F79EFBC}") = "ClaimPro", "ClaimPro\ClaimPro.csproj", "{B650B99E-30BB-4542-9E7A-BD6A39F19A50}"
EndProject
Global
	GlobalSection(SolutionConfigurationPlatforms) = preSolution
		Debug|Any CPU = Debug|Any CPU
		Release|Any CPU = Release|Any CPU
	EndGlobalSection
	GlobalSection(ProjectConfigurationPlatforms) = postSolution
		{B650B99E-30BB-4542-9E7A-BD6A39F19A50}.Debug|Any CPU.ActiveCfg = Debug|Any CPU
		{B650B99E-30BB-4542-9E7A-BD6A39F19A50}.Debug|Any CPU.Build.0 = Debug|Any CPU
		{B650B99E-30BB-4542-9E7A-BD6A39F19A50}.Release|Any CPU.ActiveCfg = Release|Any CPU
		{B650B99E-30BB-4542-9E7A-BD6A39F19A50}.Release|Any CPU.Build.0 = Release|Any CPU
	EndGlobalSection
	GlobalSection(SolutionProperties) = preSolution
		HideSolutionNode = FALSE
	EndGlobalSection
	GlobalSection(ExtensibilityGlobals) = postSolution
		SolutionGuid = {F38A5111-F027-4CCC-ABF0-319E4C00F016}
	EndGlobalSection
EndGlobal
